
Microsoft Visual Studio Solution File, Format Version 12.00
# Visual Studio Version 17
VisualStudioVersion = 17.8.34408.163
MinimumVisualStudioVersion = 10.0.40219.1
Project("{FAE04EC0-301F-11D3-BF4B-00C04F79EFBC}") = "task3", "task3\task3.csproj", "{00311B9B-5F02-4DA1-AA69-54AB71DA1571}"
EndProject
Global
	GlobalSection(SolutionConfigurationPlatforms) = preSolution
		Debug|Any CPU = Debug|Any CPU
		Release|Any CPU = Release|Any CPU
	EndGlobalSection
	GlobalSection(ProjectConfigurationPlatforms) = postSolution
		{00311B9B-5F02-4DA1-AA69-54AB71DA1571}.Debug|Any CPU.ActiveCfg = Debug|Any CPU
		{00311B9B-5F02-4DA1-AA69-54AB71DA1571}.Debug|Any CPU.Build.0 = Debug|Any CPU
		{00311B9B-5F02-4DA1-AA69-54AB71DA1571}.Release|Any CPU.ActiveCfg = Release|Any CPU
		{00311B9B-5F02-4DA1-AA69-54AB71DA1571}.Release|Any CPU.Build.0 = Release|Any CPU
	EndGlobalSection
	GlobalSection(SolutionProperties) = preSolution
		HideSolutionNode = FALSE
	EndGlobalSection
	GlobalSection(ExtensibilityGlobals) = postSolution
		SolutionGuid = {91083095-2F36-4419-BEEE-2F78D4C5CD91}
	EndGlobalSection
EndGlobal
