
Microsoft Visual Studio Solution File, Format Version 12.00
# Visual Studio Version 17
VisualStudioVersion = 17.8.34408.163
MinimumVisualStudioVersion = 10.0.40219.1
Project("{FAE04EC0-301F-11D3-BF4B-00C04F79EFBC}") = "task4", "task4\task4.csproj", "{4BE3CF39-B960-4047-9CD7-D5B649D21F99}"
EndProject
Global
	GlobalSection(SolutionConfigurationPlatforms) = preSolution
		Debug|Any CPU = Debug|Any CPU
		Release|Any CPU = Release|Any CPU
	EndGlobalSection
	GlobalSection(ProjectConfigurationPlatforms) = postSolution
		{4BE3CF39-B960-4047-9CD7-D5B649D21F99}.Debug|Any CPU.ActiveCfg = Debug|Any CPU
		{4BE3CF39-B960-4047-9CD7-D5B649D21F99}.Debug|Any CPU.Build.0 = Debug|Any CPU
		{4BE3CF39-B960-4047-9CD7-D5B649D21F99}.Release|Any CPU.ActiveCfg = Release|Any CPU
		{4BE3CF39-B960-4047-9CD7-D5B649D21F99}.Release|Any CPU.Build.0 = Release|Any CPU
	EndGlobalSection
	GlobalSection(SolutionProperties) = preSolution
		HideSolutionNode = FALSE
	EndGlobalSection
	GlobalSection(ExtensibilityGlobals) = postSolution
		SolutionGuid = {EB585852-4659-4BC4-A71E-36A4BB09B6ED}
	EndGlobalSection
EndGlobal
